
Microsoft Visual Studio Solution File, Format Version 12.00
# Visual Studio Version 16
VisualStudioVersion = 16.0.31313.79
MinimumVisualStudioVersion = 10.0.40219.1
Project("{FAE04EC0-301F-11D3-BF4B-00C04F79EFBC}") = "Bank", "Bank\Bank.csproj", "{69B9FBCA-5B64-4ADC-9899-BDE533B40595}"
EndProject
Project("{FAE04EC0-301F-11D3-BF4B-00C04F79EFBC}") = "BankTests", "BankTests\BankTests.csproj", "{E2943BFF-CA42-4D8D-B33A-6E2F23091059}"
EndProject
Global
	GlobalSection(SolutionConfigurationPlatforms) = preSolution
		Debug|Any CPU = Debug|Any CPU
		Release|Any CPU = Release|Any CPU
	EndGlobalSection
	GlobalSection(ProjectConfigurationPlatforms) = postSolution
		{69B9FBCA-5B64-4ADC-9899-BDE533B40595}.Debug|Any CPU.ActiveCfg = Debug|Any CPU
		{69B9FBCA-5B64-4ADC-9899-BDE533B40595}.Debug|Any CPU.Build.0 = Debug|Any CPU
		{69B9FBCA-5B64-4ADC-9899-BDE533B40595}.Release|Any CPU.ActiveCfg = Release|Any CPU
		{69B9FBCA-5B64-4ADC-9899-BDE533B40595}.Release|Any CPU.Build.0 = Release|Any CPU
		{E2943BFF-CA42-4D8D-B33A-6E2F23091059}.Debug|Any CPU.ActiveCfg = Debug|Any CPU
		{E2943BFF-CA42-4D8D-B33A-6E2F23091059}.Debug|Any CPU.Build.0 = Debug|Any CPU
		{E2943BFF-CA42-4D8D-B33A-6E2F23091059}.Release|Any CPU.ActiveCfg = Release|Any CPU
		{E2943BFF-CA42-4D8D-B33A-6E2F23091059}.Release|Any CPU.Build.0 = Release|Any CPU
	EndGlobalSection
	GlobalSection(SolutionProperties) = preSolution
		HideSolutionNode = FALSE
	EndGlobalSection
	GlobalSection(ExtensibilityGlobals) = postSolution
		SolutionGuid = {D8B2F0C7-EE0F-48A6-8FE9-246B2CC6520B}
	EndGlobalSection
EndGlobal
